
Microsoft Visual Studio Solution File, Format Version 12.00
Project("{FAE04EC0-301F-11D3-BF4B-00C04F79EFBC}") = "Innowise.Clinic.Auth", "Innowise.Clinic.Auth\Innowise.Clinic.Auth.csproj", "{82CB6601-2159-426E-9FF7-214A0AC1B59B}"
EndProject
Project("{FAE04EC0-301F-11D3-BF4B-00C04F79EFBC}") = "Innowise.Clinic.Auth.Persistence", "Innowise.Clinic.Auth.Persistence\Innowise.Clinic.Auth.Persistence.csproj", "{CACE76F8-89AB-400C-99C1-B60DC770E2E3}"
EndProject
Project("{FAE04EC0-301F-11D3-BF4B-00C04F79EFBC}") = "Innowise.Clinic.Auth.Persistence.Extensions", "Innowise.Clinic.Auth.Persistence.Extensions\Innowise.Clinic.Auth.Persistence.Extensions.csproj", "{985E4842-E2B1-468A-B860-9B594678FD36}"
EndProject
Global
	GlobalSection(SolutionConfigurationPlatforms) = preSolution
		Debug|Any CPU = Debug|Any CPU
		Release|Any CPU = Release|Any CPU
	EndGlobalSection
	GlobalSection(ProjectConfigurationPlatforms) = postSolution
		{82CB6601-2159-426E-9FF7-214A0AC1B59B}.Debug|Any CPU.ActiveCfg = Debug|Any CPU
		{82CB6601-2159-426E-9FF7-214A0AC1B59B}.Debug|Any CPU.Build.0 = Debug|Any CPU
		{82CB6601-2159-426E-9FF7-214A0AC1B59B}.Release|Any CPU.ActiveCfg = Release|Any CPU
		{82CB6601-2159-426E-9FF7-214A0AC1B59B}.Release|Any CPU.Build.0 = Release|Any CPU
		{CACE76F8-89AB-400C-99C1-B60DC770E2E3}.Debug|Any CPU.ActiveCfg = Debug|Any CPU
		{CACE76F8-89AB-400C-99C1-B60DC770E2E3}.Debug|Any CPU.Build.0 = Debug|Any CPU
		{CACE76F8-89AB-400C-99C1-B60DC770E2E3}.Release|Any CPU.ActiveCfg = Release|Any CPU
		{CACE76F8-89AB-400C-99C1-B60DC770E2E3}.Release|Any CPU.Build.0 = Release|Any CPU
		{985E4842-E2B1-468A-B860-9B594678FD36}.Debug|Any CPU.ActiveCfg = Debug|Any CPU
		{985E4842-E2B1-468A-B860-9B594678FD36}.Debug|Any CPU.Build.0 = Debug|Any CPU
		{985E4842-E2B1-468A-B860-9B594678FD36}.Release|Any CPU.ActiveCfg = Release|Any CPU
		{985E4842-E2B1-468A-B860-9B594678FD36}.Release|Any CPU.Build.0 = Release|Any CPU
	EndGlobalSection
EndGlobal
