
Microsoft Visual Studio Solution File, Format Version 12.00
Project("{FAE04EC0-301F-11D3-BF4B-00C04F79EFBC}") = "Innowise.Clinic.Auth.Api", "Innowise.Clinic.Auth.Api\Innowise.Clinic.Auth.Api.csproj", "{82CB6601-2159-426E-9FF7-214A0AC1B59B}"
EndProject
Project("{FAE04EC0-301F-11D3-BF4B-00C04F79EFBC}") = "Innowise.Clinic.Auth.Persistence", "Innowise.Clinic.Auth.Persistence\Innowise.Clinic.Auth.Persistence.csproj", "{CACE76F8-89AB-400C-99C1-B60DC770E2E3}"
EndProject
Project("{FAE04EC0-301F-11D3-BF4B-00C04F79EFBC}") = "Innowise.Clinic.Auth.Dto", "Innowise.Clinic.Auth.Dto\Innowise.Clinic.Auth.Dto.csproj", "{988BF26F-AD83-4579-8E9B-D858368744B7}"
EndProject
Project("{FAE04EC0-301F-11D3-BF4B-00C04F79EFBC}") = "Innowise.Clinic.Auth.Extensions", "Innowise.Clinic.Auth.Extensions\Innowise.Clinic.Auth.Extensions.csproj", "{07ED4A2A-BCDB-436D-AF64-3E3A72B6D669}"
EndProject
Project("{FAE04EC0-301F-11D3-BF4B-00C04F79EFBC}") = "Innowise.Clinic.Auth.Validators", "Innowise.Clinic.Auth.Validators\Innowise.Clinic.Auth.Validators.csproj", "{69D246B8-AD2B-432B-B76E-873D596C5ADC}"
EndProject
Project("{FAE04EC0-301F-11D3-BF4B-00C04F79EFBC}") = "Innowise.Clinic.Auth.Jwt", "Innowise.Clinic.Auth.Jwt\Innowise.Clinic.Auth.Jwt.csproj", "{00195522-96A3-4325-96C6-EBCEBEFA712D}"
EndProject
Project("{FAE04EC0-301F-11D3-BF4B-00C04F79EFBC}") = "Innowise.Clinic.Auth.IntegrationTesting", "Innowise.Clinic.Auth.IntegrationTesting\Innowise.Clinic.Auth.IntegrationTesting.csproj", "{8EDA9099-A4D1-4915-B838-AE5561E324EA}"
EndProject
Project("{FAE04EC0-301F-11D3-BF4B-00C04F79EFBC}") = "Innowise.Clinic.Auth.Mail", "Innowise.Clinic.Auth.Mail\Innowise.Clinic.Auth.Mail.csproj", "{50292CFD-D715-40E6-923D-1EBC34593E53}"
EndProject
Project("{FAE04EC0-301F-11D3-BF4B-00C04F79EFBC}") = "Innowise.Clinic.Auth.UserManagement", "Innowise.Clinic.Auth.UserManagement\Innowise.Clinic.Auth.UserManagement.csproj", "{C5288B43-FFE0-454E-93A1-52AE77CD97B1}"
EndProject
Project("{FAE04EC0-301F-11D3-BF4B-00C04F79EFBC}") = "Innowise.Clinic.Auth.DependencyConfiguration", "Innowise.Clinic.Auth.DependencyConfiguration\Innowise.Clinic.Auth.DependencyConfiguration.csproj", "{0A592A38-4490-4A57-8E32-BCC64A6A878A}"
EndProject
Project("{FAE04EC0-301F-11D3-BF4B-00C04F79EFBC}") = "Innowise.Clinic.Auth.Middleware", "Innowise.Clinic.Auth.Middleware\Innowise.Clinic.Auth.Middleware.csproj", "{15817915-592A-4AD5-9ECF-99ECE19D832E}"
EndProject
Project("{FAE04EC0-301F-11D3-BF4B-00C04F79EFBC}") = "Innowise.Clinic.Auth.Filters", "Innowise.Clinic.Auth.Filters\Innowise.Clinic.Auth.Filters.csproj", "{2DA94828-7343-4128-A24D-2A34030672F6}"
EndProject
Global
	GlobalSection(SolutionConfigurationPlatforms) = preSolution
		Debug|Any CPU = Debug|Any CPU
		Release|Any CPU = Release|Any CPU
	EndGlobalSection
	GlobalSection(ProjectConfigurationPlatforms) = postSolution
		{82CB6601-2159-426E-9FF7-214A0AC1B59B}.Debug|Any CPU.ActiveCfg = Debug|Any CPU
		{82CB6601-2159-426E-9FF7-214A0AC1B59B}.Debug|Any CPU.Build.0 = Debug|Any CPU
		{82CB6601-2159-426E-9FF7-214A0AC1B59B}.Release|Any CPU.ActiveCfg = Release|Any CPU
		{82CB6601-2159-426E-9FF7-214A0AC1B59B}.Release|Any CPU.Build.0 = Release|Any CPU
		{CACE76F8-89AB-400C-99C1-B60DC770E2E3}.Debug|Any CPU.ActiveCfg = Debug|Any CPU
		{CACE76F8-89AB-400C-99C1-B60DC770E2E3}.Debug|Any CPU.Build.0 = Debug|Any CPU
		{CACE76F8-89AB-400C-99C1-B60DC770E2E3}.Release|Any CPU.ActiveCfg = Release|Any CPU
		{CACE76F8-89AB-400C-99C1-B60DC770E2E3}.Release|Any CPU.Build.0 = Release|Any CPU
		{988BF26F-AD83-4579-8E9B-D858368744B7}.Debug|Any CPU.ActiveCfg = Debug|Any CPU
		{988BF26F-AD83-4579-8E9B-D858368744B7}.Debug|Any CPU.Build.0 = Debug|Any CPU
		{988BF26F-AD83-4579-8E9B-D858368744B7}.Release|Any CPU.ActiveCfg = Release|Any CPU
		{988BF26F-AD83-4579-8E9B-D858368744B7}.Release|Any CPU.Build.0 = Release|Any CPU
		{07ED4A2A-BCDB-436D-AF64-3E3A72B6D669}.Debug|Any CPU.ActiveCfg = Debug|Any CPU
		{07ED4A2A-BCDB-436D-AF64-3E3A72B6D669}.Debug|Any CPU.Build.0 = Debug|Any CPU
		{07ED4A2A-BCDB-436D-AF64-3E3A72B6D669}.Release|Any CPU.ActiveCfg = Release|Any CPU
		{07ED4A2A-BCDB-436D-AF64-3E3A72B6D669}.Release|Any CPU.Build.0 = Release|Any CPU
		{69D246B8-AD2B-432B-B76E-873D596C5ADC}.Debug|Any CPU.ActiveCfg = Debug|Any CPU
		{69D246B8-AD2B-432B-B76E-873D596C5ADC}.Debug|Any CPU.Build.0 = Debug|Any CPU
		{69D246B8-AD2B-432B-B76E-873D596C5ADC}.Release|Any CPU.ActiveCfg = Release|Any CPU
		{69D246B8-AD2B-432B-B76E-873D596C5ADC}.Release|Any CPU.Build.0 = Release|Any CPU
		{00195522-96A3-4325-96C6-EBCEBEFA712D}.Debug|Any CPU.ActiveCfg = Debug|Any CPU
		{00195522-96A3-4325-96C6-EBCEBEFA712D}.Debug|Any CPU.Build.0 = Debug|Any CPU
		{00195522-96A3-4325-96C6-EBCEBEFA712D}.Release|Any CPU.ActiveCfg = Release|Any CPU
		{00195522-96A3-4325-96C6-EBCEBEFA712D}.Release|Any CPU.Build.0 = Release|Any CPU
		{8EDA9099-A4D1-4915-B838-AE5561E324EA}.Debug|Any CPU.ActiveCfg = Debug|Any CPU
		{8EDA9099-A4D1-4915-B838-AE5561E324EA}.Debug|Any CPU.Build.0 = Debug|Any CPU
		{8EDA9099-A4D1-4915-B838-AE5561E324EA}.Release|Any CPU.ActiveCfg = Release|Any CPU
		{8EDA9099-A4D1-4915-B838-AE5561E324EA}.Release|Any CPU.Build.0 = Release|Any CPU
		{50292CFD-D715-40E6-923D-1EBC34593E53}.Debug|Any CPU.ActiveCfg = Debug|Any CPU
		{50292CFD-D715-40E6-923D-1EBC34593E53}.Debug|Any CPU.Build.0 = Debug|Any CPU
		{50292CFD-D715-40E6-923D-1EBC34593E53}.Release|Any CPU.ActiveCfg = Release|Any CPU
		{50292CFD-D715-40E6-923D-1EBC34593E53}.Release|Any CPU.Build.0 = Release|Any CPU
		{C5288B43-FFE0-454E-93A1-52AE77CD97B1}.Debug|Any CPU.ActiveCfg = Debug|Any CPU
		{C5288B43-FFE0-454E-93A1-52AE77CD97B1}.Debug|Any CPU.Build.0 = Debug|Any CPU
		{C5288B43-FFE0-454E-93A1-52AE77CD97B1}.Release|Any CPU.ActiveCfg = Release|Any CPU
		{C5288B43-FFE0-454E-93A1-52AE77CD97B1}.Release|Any CPU.Build.0 = Release|Any CPU
		{0A592A38-4490-4A57-8E32-BCC64A6A878A}.Debug|Any CPU.ActiveCfg = Debug|Any CPU
		{0A592A38-4490-4A57-8E32-BCC64A6A878A}.Debug|Any CPU.Build.0 = Debug|Any CPU
		{0A592A38-4490-4A57-8E32-BCC64A6A878A}.Release|Any CPU.ActiveCfg = Release|Any CPU
		{0A592A38-4490-4A57-8E32-BCC64A6A878A}.Release|Any CPU.Build.0 = Release|Any CPU
		{15817915-592A-4AD5-9ECF-99ECE19D832E}.Debug|Any CPU.ActiveCfg = Debug|Any CPU
		{15817915-592A-4AD5-9ECF-99ECE19D832E}.Debug|Any CPU.Build.0 = Debug|Any CPU
		{15817915-592A-4AD5-9ECF-99ECE19D832E}.Release|Any CPU.ActiveCfg = Release|Any CPU
		{15817915-592A-4AD5-9ECF-99ECE19D832E}.Release|Any CPU.Build.0 = Release|Any CPU
		{2DA94828-7343-4128-A24D-2A34030672F6}.Debug|Any CPU.ActiveCfg = Debug|Any CPU
		{2DA94828-7343-4128-A24D-2A34030672F6}.Debug|Any CPU.Build.0 = Debug|Any CPU
		{2DA94828-7343-4128-A24D-2A34030672F6}.Release|Any CPU.ActiveCfg = Release|Any CPU
		{2DA94828-7343-4128-A24D-2A34030672F6}.Release|Any CPU.Build.0 = Release|Any CPU
	EndGlobalSection
EndGlobal
